
Microsoft Visual Studio Solution File, Format Version 11.00
# Visual Studio 2010
Project("{FAE04EC0-301F-11D3-BF4B-00C04F79EFBC}") = "LTISForm", "LTISForm\LTISForm.csproj", "{52F25EF3-9E1C-41A9-B173-D0F62CD30C27}"
EndProject
Project("{FAE04EC0-301F-11D3-BF4B-00C04F79EFBC}") = "LTISDLL", "LTISDLL\LTISDLL.csproj", "{30BDBF3A-2B2B-417C-9EB2-73AE220D7A9A}"
EndProject
Project("{54435603-DBB4-11D2-8724-00A0C9A8B90C}") = "LTSISetup", "LTSISetup\LTSISetup.vdproj", "{B10AB61D-3FAC-4413-BE20-95BD45123ADC}"
EndProject
Global
	GlobalSection(SolutionConfigurationPlatforms) = preSolution
		Debug|Any CPU = Debug|Any CPU
		Debug|Mixed Platforms = Debug|Mixed Platforms
		Debug|x86 = Debug|x86
		Release|Any CPU = Release|Any CPU
		Release|Mixed Platforms = Release|Mixed Platforms
		Release|x86 = Release|x86
	EndGlobalSection
	GlobalSection(ProjectConfigurationPlatforms) = postSolution
		{52F25EF3-9E1C-41A9-B173-D0F62CD30C27}.Debug|Any CPU.ActiveCfg = Debug|x86
		{52F25EF3-9E1C-41A9-B173-D0F62CD30C27}.Debug|Mixed Platforms.ActiveCfg = Debug|x86
		{52F25EF3-9E1C-41A9-B173-D0F62CD30C27}.Debug|Mixed Platforms.Build.0 = Debug|x86
		{52F25EF3-9E1C-41A9-B173-D0F62CD30C27}.Debug|x86.ActiveCfg = Debug|x86
		{52F25EF3-9E1C-41A9-B173-D0F62CD30C27}.Debug|x86.Build.0 = Debug|x86
		{52F25EF3-9E1C-41A9-B173-D0F62CD30C27}.Release|Any CPU.ActiveCfg = Release|x86
		{52F25EF3-9E1C-41A9-B173-D0F62CD30C27}.Release|Mixed Platforms.ActiveCfg = Release|x86
		{52F25EF3-9E1C-41A9-B173-D0F62CD30C27}.Release|Mixed Platforms.Build.0 = Release|x86
		{52F25EF3-9E1C-41A9-B173-D0F62CD30C27}.Release|x86.ActiveCfg = Release|x86
		{52F25EF3-9E1C-41A9-B173-D0F62CD30C27}.Release|x86.Build.0 = Release|x86
		{30BDBF3A-2B2B-417C-9EB2-73AE220D7A9A}.Debug|Any CPU.ActiveCfg = Debug|Any CPU
		{30BDBF3A-2B2B-417C-9EB2-73AE220D7A9A}.Debug|Any CPU.Build.0 = Debug|Any CPU
		{30BDBF3A-2B2B-417C-9EB2-73AE220D7A9A}.Debug|Mixed Platforms.ActiveCfg = Debug|Any CPU
		{30BDBF3A-2B2B-417C-9EB2-73AE220D7A9A}.Debug|Mixed Platforms.Build.0 = Debug|Any CPU
		{30BDBF3A-2B2B-417C-9EB2-73AE220D7A9A}.Debug|x86.ActiveCfg = Debug|Any CPU
		{30BDBF3A-2B2B-417C-9EB2-73AE220D7A9A}.Release|Any CPU.ActiveCfg = Release|Any CPU
		{30BDBF3A-2B2B-417C-9EB2-73AE220D7A9A}.Release|Any CPU.Build.0 = Release|Any CPU
		{30BDBF3A-2B2B-417C-9EB2-73AE220D7A9A}.Release|Mixed Platforms.ActiveCfg = Release|Any CPU
		{30BDBF3A-2B2B-417C-9EB2-73AE220D7A9A}.Release|Mixed Platforms.Build.0 = Release|Any CPU
		{30BDBF3A-2B2B-417C-9EB2-73AE220D7A9A}.Release|x86.ActiveCfg = Release|Any CPU
		{B10AB61D-3FAC-4413-BE20-95BD45123ADC}.Debug|Any CPU.ActiveCfg = Debug
		{B10AB61D-3FAC-4413-BE20-95BD45123ADC}.Debug|Mixed Platforms.ActiveCfg = Debug
		{B10AB61D-3FAC-4413-BE20-95BD45123ADC}.Debug|x86.ActiveCfg = Debug
		{B10AB61D-3FAC-4413-BE20-95BD45123ADC}.Release|Any CPU.ActiveCfg = Release
		{B10AB61D-3FAC-4413-BE20-95BD45123ADC}.Release|Mixed Platforms.ActiveCfg = Release
		{B10AB61D-3FAC-4413-BE20-95BD45123ADC}.Release|x86.ActiveCfg = Release
	EndGlobalSection
	GlobalSection(SolutionProperties) = preSolution
		HideSolutionNode = FALSE
	EndGlobalSection
EndGlobal
